
Microsoft Visual Studio Solution File, Format Version 12.00
# Visual Studio 15
VisualStudioVersion = 15.0.27703.2018
MinimumVisualStudioVersion = 10.0.40219.1
Project("{9A19103F-16F7-4668-BE54-9A1E7A4F7556}") = "Weather.Web", "Weather.Web\Weather.Web.csproj", "{BD9E73B2-887D-4732-A936-F8207FECA2C9}"
EndProject
Project("{FAE04EC0-301F-11D3-BF4B-00C04F79EFBC}") = "APIHelpers", "APIHelpers\APIHelpers.csproj", "{5AD7BF00-352C-4656-A751-B6B81B2CE6B7}"
EndProject
Global
	GlobalSection(SolutionConfigurationPlatforms) = preSolution
		Debug|Any CPU = Debug|Any CPU
		Release|Any CPU = Release|Any CPU
	EndGlobalSection
	GlobalSection(ProjectConfigurationPlatforms) = postSolution
		{BD9E73B2-887D-4732-A936-F8207FECA2C9}.Debug|Any CPU.ActiveCfg = Debug|Any CPU
		{BD9E73B2-887D-4732-A936-F8207FECA2C9}.Debug|Any CPU.Build.0 = Debug|Any CPU
		{BD9E73B2-887D-4732-A936-F8207FECA2C9}.Release|Any CPU.ActiveCfg = Release|Any CPU
		{BD9E73B2-887D-4732-A936-F8207FECA2C9}.Release|Any CPU.Build.0 = Release|Any CPU
		{5AD7BF00-352C-4656-A751-B6B81B2CE6B7}.Debug|Any CPU.ActiveCfg = Debug|Any CPU
		{5AD7BF00-352C-4656-A751-B6B81B2CE6B7}.Debug|Any CPU.Build.0 = Debug|Any CPU
		{5AD7BF00-352C-4656-A751-B6B81B2CE6B7}.Release|Any CPU.ActiveCfg = Release|Any CPU
		{5AD7BF00-352C-4656-A751-B6B81B2CE6B7}.Release|Any CPU.Build.0 = Release|Any CPU
	EndGlobalSection
	GlobalSection(SolutionProperties) = preSolution
		HideSolutionNode = FALSE
	EndGlobalSection
	GlobalSection(ExtensibilityGlobals) = postSolution
		SolutionGuid = {B0D2C506-A5CA-4726-8604-E4841EA4DD73}
	EndGlobalSection
EndGlobal
